
Microsoft Visual Studio Solution File, Format Version 12.00
# Visual Studio 14
VisualStudioVersion = 14.0.24720.0
MinimumVisualStudioVersion = 10.0.40219.1
Project("{8BC9CEB8-8B4A-11D0-8D11-00A0C91BC942}") = "LaunchGrid", "LaunchGrid\LaunchGrid.vcxproj", "{196A7D29-02A3-4081-A2C1-63D17734C407}"
EndProject
Project("{2150E333-8FDC-42A3-9474-1A3956D46DE8}") = "Solution Items", "Solution Items", "{882C16C5-5D9A-492B-B5E5-96779FB645F8}"
	ProjectSection(SolutionItems) = preProject
		README.md = README.md
	EndProjectSection
EndProject
Global
	GlobalSection(SolutionConfigurationPlatforms) = preSolution
		Debug|x64 = Debug|x64
		Debug|x86 = Debug|x86
		Release|x64 = Release|x64
		Release|x86 = Release|x86
	EndGlobalSection
	GlobalSection(ProjectConfigurationPlatforms) = postSolution
		{196A7D29-02A3-4081-A2C1-63D17734C407}.Debug|x64.ActiveCfg = Debug|x64
		{196A7D29-02A3-4081-A2C1-63D17734C407}.Debug|x64.Build.0 = Debug|x64
		{196A7D29-02A3-4081-A2C1-63D17734C407}.Debug|x86.ActiveCfg = Debug|Win32
		{196A7D29-02A3-4081-A2C1-63D17734C407}.Debug|x86.Build.0 = Debug|Win32
		{196A7D29-02A3-4081-A2C1-63D17734C407}.Release|x64.ActiveCfg = Release|x64
		{196A7D29-02A3-4081-A2C1-63D17734C407}.Release|x64.Build.0 = Release|x64
		{196A7D29-02A3-4081-A2C1-63D17734C407}.Release|x86.ActiveCfg = Release|Win32
		{196A7D29-02A3-4081-A2C1-63D17734C407}.Release|x86.Build.0 = Release|Win32
	EndGlobalSection
	GlobalSection(SolutionProperties) = preSolution
		HideSolutionNode = FALSE
	EndGlobalSection
EndGlobal
